
Microsoft Visual Studio Solution File, Format Version 12.00
# Visual Studio 2012
Project("{2150E333-8FDC-42A3-9474-1A3956D46DE8}") = "Core", "Core", "{0E506CB8-FEE4-4D10-9A85-D59EA2B9FDB0}"
EndProject
Project("{2150E333-8FDC-42A3-9474-1A3956D46DE8}") = ".nuget", ".nuget", "{A582AFC2-14DA-40A4-9C62-2F52FC2132E8}"
	ProjectSection(SolutionItems) = preProject
		JDCB\.nuget\NuGet.Config = JDCB\.nuget\NuGet.Config
		JDCB\.nuget\NuGet.exe = JDCB\.nuget\NuGet.exe
		JDCB\.nuget\NuGet.targets = JDCB\.nuget\NuGet.targets
	EndProjectSection
EndProject
Project("{FAE04EC0-301F-11D3-BF4B-00C04F79EFBC}") = "RestAPICore", "RestAPICore\RestAPICore.csproj", "{1FCACD9D-7E0C-4792-B6F3-509838BEA1B3}"
EndProject
Project("{FAE04EC0-301F-11D3-BF4B-00C04F79EFBC}") = "RestAPICore_wp8", "RestAPICore_wp8\RestAPICore_wp8.csproj", "{08D79A03-8B3D-4906-AB23-6CB840C117C7}"
EndProject
Project("{FAE04EC0-301F-11D3-BF4B-00C04F79EFBC}") = "RestAPICore_sl", "RestAPICore_sl\RestAPICore_sl.csproj", "{649728C2-2D57-4749-9FB4-1506F1B81C95}"
EndProject
Project("{FAE04EC0-301F-11D3-BF4B-00C04F79EFBC}") = "RestAPICore_WinRT", "RestAPICore_WinRT\RestAPICore_WinRT.csproj", "{384642A1-8D35-4125-BE85-2A82EC410257}"
EndProject
Project("{FAE04EC0-301F-11D3-BF4B-00C04F79EFBC}") = "OAuthLib", "OAuthLib\OAuthLib.csproj", "{5052810E-53A6-4275-841A-47C1ABBD8E8D}"
EndProject
Project("{2150E333-8FDC-42A3-9474-1A3956D46DE8}") = "OAuth", "OAuth", "{BB741DF4-DE42-4AE3-8798-4EE76DF0C25F}"
EndProject
Project("{FAE04EC0-301F-11D3-BF4B-00C04F79EFBC}") = "OAuthLib.Test", "OAuthLib.Test\OAuthLib.Test.csproj", "{8DE14AD3-CC73-4A20-8F17-0A65CDB4CA05}"
EndProject
Project("{FAE04EC0-301F-11D3-BF4B-00C04F79EFBC}") = "OAuthLib_sl", "OAuthLib_sl\OAuthLib_sl.csproj", "{A4AC276F-9C06-45F9-8052-C850BBBC634F}"
EndProject
Project("{FAE04EC0-301F-11D3-BF4B-00C04F79EFBC}") = "OAuthLib_WinRT", "OAuthLib_WinRT\OAuthLib_WinRT.csproj", "{427DAACB-0A7A-42DD-922B-3155E39C7292}"
EndProject
Project("{FAE04EC0-301F-11D3-BF4B-00C04F79EFBC}") = "OAuthLib_wp8", "OAuthLib_wp8\OAuthLib_wp8.csproj", "{70F8B2E3-6772-4418-AAE4-CA546BAAE3C3}"
EndProject
Project("{FAE04EC0-301F-11D3-BF4B-00C04F79EFBC}") = "NugetProject", "NugetProject\NugetProject.csproj", "{7DC3F629-F48E-4543-8454-44A65229B441}"
	ProjectSection(ProjectDependencies) = postProject
		{FFB5E35D-9EB5-47B3-976D-5CE06CD037B5} = {FFB5E35D-9EB5-47B3-976D-5CE06CD037B5}
	EndProjectSection
EndProject
Project("{FAE04EC0-301F-11D3-BF4B-00C04F79EFBC}") = "JDCB_CodeGen", "JDCB_CodeGen\JDCB_CodeGen.csproj", "{FFB5E35D-9EB5-47B3-976D-5CE06CD037B5}"
EndProject
Project("{2150E333-8FDC-42A3-9474-1A3956D46DE8}") = "CodeGen", "CodeGen", "{903E0AE1-2064-4D6D-B589-57B6CEAE3B9D}"
EndProject
Project("{FAE04EC0-301F-11D3-BF4B-00C04F79EFBC}") = "JDCB_CodeGen.Sample", "JDCB_CodeGen.Sample\JDCB_CodeGen.Sample.csproj", "{7CDAA8FD-4639-433C-B484-75CED7847B4B}"
EndProject
Project("{FAE04EC0-301F-11D3-BF4B-00C04F79EFBC}") = "JDCB_CodeGen.Test", "JDCB_CodeGen.Test\JDCB_CodeGen.Test.csproj", "{7A77D824-0976-4BC6-89E6-9CDECB89F782}"
EndProject
Global
	GlobalSection(SolutionConfigurationPlatforms) = preSolution
		Debug|Any CPU = Debug|Any CPU
		Debug|ARM = Debug|ARM
		Debug|x64 = Debug|x64
		Debug|x86 = Debug|x86
		Release|Any CPU = Release|Any CPU
		Release|ARM = Release|ARM
		Release|x64 = Release|x64
		Release|x86 = Release|x86
	EndGlobalSection
	GlobalSection(ProjectConfigurationPlatforms) = postSolution
		{1FCACD9D-7E0C-4792-B6F3-509838BEA1B3}.Debug|Any CPU.ActiveCfg = Debug|Any CPU
		{1FCACD9D-7E0C-4792-B6F3-509838BEA1B3}.Debug|Any CPU.Build.0 = Debug|Any CPU
		{1FCACD9D-7E0C-4792-B6F3-509838BEA1B3}.Debug|ARM.ActiveCfg = Debug|Any CPU
		{1FCACD9D-7E0C-4792-B6F3-509838BEA1B3}.Debug|x64.ActiveCfg = Debug|Any CPU
		{1FCACD9D-7E0C-4792-B6F3-509838BEA1B3}.Debug|x86.ActiveCfg = Debug|Any CPU
		{1FCACD9D-7E0C-4792-B6F3-509838BEA1B3}.Release|Any CPU.ActiveCfg = Release|Any CPU
		{1FCACD9D-7E0C-4792-B6F3-509838BEA1B3}.Release|Any CPU.Build.0 = Release|Any CPU
		{1FCACD9D-7E0C-4792-B6F3-509838BEA1B3}.Release|ARM.ActiveCfg = Release|Any CPU
		{1FCACD9D-7E0C-4792-B6F3-509838BEA1B3}.Release|x64.ActiveCfg = Release|Any CPU
		{1FCACD9D-7E0C-4792-B6F3-509838BEA1B3}.Release|x86.ActiveCfg = Release|Any CPU
		{08D79A03-8B3D-4906-AB23-6CB840C117C7}.Debug|Any CPU.ActiveCfg = Debug|Any CPU
		{08D79A03-8B3D-4906-AB23-6CB840C117C7}.Debug|Any CPU.Build.0 = Debug|Any CPU
		{08D79A03-8B3D-4906-AB23-6CB840C117C7}.Debug|ARM.ActiveCfg = Debug|ARM
		{08D79A03-8B3D-4906-AB23-6CB840C117C7}.Debug|ARM.Build.0 = Debug|ARM
		{08D79A03-8B3D-4906-AB23-6CB840C117C7}.Debug|x64.ActiveCfg = Debug|Any CPU
		{08D79A03-8B3D-4906-AB23-6CB840C117C7}.Debug|x86.ActiveCfg = Debug|x86
		{08D79A03-8B3D-4906-AB23-6CB840C117C7}.Debug|x86.Build.0 = Debug|x86
		{08D79A03-8B3D-4906-AB23-6CB840C117C7}.Release|Any CPU.ActiveCfg = Release|Any CPU
		{08D79A03-8B3D-4906-AB23-6CB840C117C7}.Release|Any CPU.Build.0 = Release|Any CPU
		{08D79A03-8B3D-4906-AB23-6CB840C117C7}.Release|ARM.ActiveCfg = Release|ARM
		{08D79A03-8B3D-4906-AB23-6CB840C117C7}.Release|ARM.Build.0 = Release|ARM
		{08D79A03-8B3D-4906-AB23-6CB840C117C7}.Release|x64.ActiveCfg = Release|Any CPU
		{08D79A03-8B3D-4906-AB23-6CB840C117C7}.Release|x86.ActiveCfg = Release|x86
		{08D79A03-8B3D-4906-AB23-6CB840C117C7}.Release|x86.Build.0 = Release|x86
		{649728C2-2D57-4749-9FB4-1506F1B81C95}.Debug|Any CPU.ActiveCfg = Debug|Any CPU
		{649728C2-2D57-4749-9FB4-1506F1B81C95}.Debug|Any CPU.Build.0 = Debug|Any CPU
		{649728C2-2D57-4749-9FB4-1506F1B81C95}.Debug|ARM.ActiveCfg = Debug|Any CPU
		{649728C2-2D57-4749-9FB4-1506F1B81C95}.Debug|x64.ActiveCfg = Debug|Any CPU
		{649728C2-2D57-4749-9FB4-1506F1B81C95}.Debug|x86.ActiveCfg = Debug|Any CPU
		{649728C2-2D57-4749-9FB4-1506F1B81C95}.Release|Any CPU.ActiveCfg = Release|Any CPU
		{649728C2-2D57-4749-9FB4-1506F1B81C95}.Release|Any CPU.Build.0 = Release|Any CPU
		{649728C2-2D57-4749-9FB4-1506F1B81C95}.Release|ARM.ActiveCfg = Release|Any CPU
		{649728C2-2D57-4749-9FB4-1506F1B81C95}.Release|x64.ActiveCfg = Release|Any CPU
		{649728C2-2D57-4749-9FB4-1506F1B81C95}.Release|x86.ActiveCfg = Release|Any CPU
		{384642A1-8D35-4125-BE85-2A82EC410257}.Debug|Any CPU.ActiveCfg = Debug|Any CPU
		{384642A1-8D35-4125-BE85-2A82EC410257}.Debug|Any CPU.Build.0 = Debug|Any CPU
		{384642A1-8D35-4125-BE85-2A82EC410257}.Debug|ARM.ActiveCfg = Debug|ARM
		{384642A1-8D35-4125-BE85-2A82EC410257}.Debug|ARM.Build.0 = Debug|ARM
		{384642A1-8D35-4125-BE85-2A82EC410257}.Debug|x64.ActiveCfg = Debug|x64
		{384642A1-8D35-4125-BE85-2A82EC410257}.Debug|x64.Build.0 = Debug|x64
		{384642A1-8D35-4125-BE85-2A82EC410257}.Debug|x86.ActiveCfg = Debug|x86
		{384642A1-8D35-4125-BE85-2A82EC410257}.Debug|x86.Build.0 = Debug|x86
		{384642A1-8D35-4125-BE85-2A82EC410257}.Release|Any CPU.ActiveCfg = Release|Any CPU
		{384642A1-8D35-4125-BE85-2A82EC410257}.Release|Any CPU.Build.0 = Release|Any CPU
		{384642A1-8D35-4125-BE85-2A82EC410257}.Release|ARM.ActiveCfg = Release|ARM
		{384642A1-8D35-4125-BE85-2A82EC410257}.Release|ARM.Build.0 = Release|ARM
		{384642A1-8D35-4125-BE85-2A82EC410257}.Release|x64.ActiveCfg = Release|x64
		{384642A1-8D35-4125-BE85-2A82EC410257}.Release|x64.Build.0 = Release|x64
		{384642A1-8D35-4125-BE85-2A82EC410257}.Release|x86.ActiveCfg = Release|x86
		{384642A1-8D35-4125-BE85-2A82EC410257}.Release|x86.Build.0 = Release|x86
		{5052810E-53A6-4275-841A-47C1ABBD8E8D}.Debug|Any CPU.ActiveCfg = Debug|Any CPU
		{5052810E-53A6-4275-841A-47C1ABBD8E8D}.Debug|Any CPU.Build.0 = Debug|Any CPU
		{5052810E-53A6-4275-841A-47C1ABBD8E8D}.Debug|ARM.ActiveCfg = Debug|Any CPU
		{5052810E-53A6-4275-841A-47C1ABBD8E8D}.Debug|x64.ActiveCfg = Debug|Any CPU
		{5052810E-53A6-4275-841A-47C1ABBD8E8D}.Debug|x86.ActiveCfg = Debug|Any CPU
		{5052810E-53A6-4275-841A-47C1ABBD8E8D}.Release|Any CPU.ActiveCfg = Release|Any CPU
		{5052810E-53A6-4275-841A-47C1ABBD8E8D}.Release|Any CPU.Build.0 = Release|Any CPU
		{5052810E-53A6-4275-841A-47C1ABBD8E8D}.Release|ARM.ActiveCfg = Release|Any CPU
		{5052810E-53A6-4275-841A-47C1ABBD8E8D}.Release|x64.ActiveCfg = Release|Any CPU
		{5052810E-53A6-4275-841A-47C1ABBD8E8D}.Release|x86.ActiveCfg = Release|Any CPU
		{8DE14AD3-CC73-4A20-8F17-0A65CDB4CA05}.Debug|Any CPU.ActiveCfg = Debug|Any CPU
		{8DE14AD3-CC73-4A20-8F17-0A65CDB4CA05}.Debug|Any CPU.Build.0 = Debug|Any CPU
		{8DE14AD3-CC73-4A20-8F17-0A65CDB4CA05}.Debug|ARM.ActiveCfg = Debug|Any CPU
		{8DE14AD3-CC73-4A20-8F17-0A65CDB4CA05}.Debug|x64.ActiveCfg = Debug|Any CPU
		{8DE14AD3-CC73-4A20-8F17-0A65CDB4CA05}.Debug|x86.ActiveCfg = Debug|Any CPU
		{8DE14AD3-CC73-4A20-8F17-0A65CDB4CA05}.Release|Any CPU.ActiveCfg = Release|Any CPU
		{8DE14AD3-CC73-4A20-8F17-0A65CDB4CA05}.Release|Any CPU.Build.0 = Release|Any CPU
		{8DE14AD3-CC73-4A20-8F17-0A65CDB4CA05}.Release|ARM.ActiveCfg = Release|Any CPU
		{8DE14AD3-CC73-4A20-8F17-0A65CDB4CA05}.Release|x64.ActiveCfg = Release|Any CPU
		{8DE14AD3-CC73-4A20-8F17-0A65CDB4CA05}.Release|x86.ActiveCfg = Release|Any CPU
		{A4AC276F-9C06-45F9-8052-C850BBBC634F}.Debug|Any CPU.ActiveCfg = Debug|Any CPU
		{A4AC276F-9C06-45F9-8052-C850BBBC634F}.Debug|Any CPU.Build.0 = Debug|Any CPU
		{A4AC276F-9C06-45F9-8052-C850BBBC634F}.Debug|ARM.ActiveCfg = Debug|Any CPU
		{A4AC276F-9C06-45F9-8052-C850BBBC634F}.Debug|x64.ActiveCfg = Debug|Any CPU
		{A4AC276F-9C06-45F9-8052-C850BBBC634F}.Debug|x86.ActiveCfg = Debug|Any CPU
		{A4AC276F-9C06-45F9-8052-C850BBBC634F}.Release|Any CPU.ActiveCfg = Release|Any CPU
		{A4AC276F-9C06-45F9-8052-C850BBBC634F}.Release|Any CPU.Build.0 = Release|Any CPU
		{A4AC276F-9C06-45F9-8052-C850BBBC634F}.Release|ARM.ActiveCfg = Release|Any CPU
		{A4AC276F-9C06-45F9-8052-C850BBBC634F}.Release|x64.ActiveCfg = Release|Any CPU
		{A4AC276F-9C06-45F9-8052-C850BBBC634F}.Release|x86.ActiveCfg = Release|Any CPU
		{427DAACB-0A7A-42DD-922B-3155E39C7292}.Debug|Any CPU.ActiveCfg = Debug|Any CPU
		{427DAACB-0A7A-42DD-922B-3155E39C7292}.Debug|Any CPU.Build.0 = Debug|Any CPU
		{427DAACB-0A7A-42DD-922B-3155E39C7292}.Debug|ARM.ActiveCfg = Debug|ARM
		{427DAACB-0A7A-42DD-922B-3155E39C7292}.Debug|ARM.Build.0 = Debug|ARM
		{427DAACB-0A7A-42DD-922B-3155E39C7292}.Debug|x64.ActiveCfg = Debug|x64
		{427DAACB-0A7A-42DD-922B-3155E39C7292}.Debug|x64.Build.0 = Debug|x64
		{427DAACB-0A7A-42DD-922B-3155E39C7292}.Debug|x86.ActiveCfg = Debug|x86
		{427DAACB-0A7A-42DD-922B-3155E39C7292}.Debug|x86.Build.0 = Debug|x86
		{427DAACB-0A7A-42DD-922B-3155E39C7292}.Release|Any CPU.ActiveCfg = Release|Any CPU
		{427DAACB-0A7A-42DD-922B-3155E39C7292}.Release|Any CPU.Build.0 = Release|Any CPU
		{427DAACB-0A7A-42DD-922B-3155E39C7292}.Release|ARM.ActiveCfg = Release|ARM
		{427DAACB-0A7A-42DD-922B-3155E39C7292}.Release|ARM.Build.0 = Release|ARM
		{427DAACB-0A7A-42DD-922B-3155E39C7292}.Release|x64.ActiveCfg = Release|x64
		{427DAACB-0A7A-42DD-922B-3155E39C7292}.Release|x64.Build.0 = Release|x64
		{427DAACB-0A7A-42DD-922B-3155E39C7292}.Release|x86.ActiveCfg = Release|x86
		{427DAACB-0A7A-42DD-922B-3155E39C7292}.Release|x86.Build.0 = Release|x86
		{70F8B2E3-6772-4418-AAE4-CA546BAAE3C3}.Debug|Any CPU.ActiveCfg = Debug|Any CPU
		{70F8B2E3-6772-4418-AAE4-CA546BAAE3C3}.Debug|Any CPU.Build.0 = Debug|Any CPU
		{70F8B2E3-6772-4418-AAE4-CA546BAAE3C3}.Debug|ARM.ActiveCfg = Debug|ARM
		{70F8B2E3-6772-4418-AAE4-CA546BAAE3C3}.Debug|ARM.Build.0 = Debug|ARM
		{70F8B2E3-6772-4418-AAE4-CA546BAAE3C3}.Debug|x64.ActiveCfg = Debug|Any CPU
		{70F8B2E3-6772-4418-AAE4-CA546BAAE3C3}.Debug|x86.ActiveCfg = Debug|x86
		{70F8B2E3-6772-4418-AAE4-CA546BAAE3C3}.Debug|x86.Build.0 = Debug|x86
		{70F8B2E3-6772-4418-AAE4-CA546BAAE3C3}.Release|Any CPU.ActiveCfg = Release|Any CPU
		{70F8B2E3-6772-4418-AAE4-CA546BAAE3C3}.Release|Any CPU.Build.0 = Release|Any CPU
		{70F8B2E3-6772-4418-AAE4-CA546BAAE3C3}.Release|ARM.ActiveCfg = Release|ARM
		{70F8B2E3-6772-4418-AAE4-CA546BAAE3C3}.Release|ARM.Build.0 = Release|ARM
		{70F8B2E3-6772-4418-AAE4-CA546BAAE3C3}.Release|x64.ActiveCfg = Release|Any CPU
		{70F8B2E3-6772-4418-AAE4-CA546BAAE3C3}.Release|x86.ActiveCfg = Release|x86
		{70F8B2E3-6772-4418-AAE4-CA546BAAE3C3}.Release|x86.Build.0 = Release|x86
		{7DC3F629-F48E-4543-8454-44A65229B441}.Debug|Any CPU.ActiveCfg = Debug|Any CPU
		{7DC3F629-F48E-4543-8454-44A65229B441}.Debug|Any CPU.Build.0 = Debug|Any CPU
		{7DC3F629-F48E-4543-8454-44A65229B441}.Debug|ARM.ActiveCfg = Debug|Any CPU
		{7DC3F629-F48E-4543-8454-44A65229B441}.Debug|x64.ActiveCfg = Debug|Any CPU
		{7DC3F629-F48E-4543-8454-44A65229B441}.Debug|x86.ActiveCfg = Debug|Any CPU
		{7DC3F629-F48E-4543-8454-44A65229B441}.Release|Any CPU.ActiveCfg = Release|Any CPU
		{7DC3F629-F48E-4543-8454-44A65229B441}.Release|Any CPU.Build.0 = Release|Any CPU
		{7DC3F629-F48E-4543-8454-44A65229B441}.Release|ARM.ActiveCfg = Release|Any CPU
		{7DC3F629-F48E-4543-8454-44A65229B441}.Release|x64.ActiveCfg = Release|Any CPU
		{7DC3F629-F48E-4543-8454-44A65229B441}.Release|x86.ActiveCfg = Release|Any CPU
		{FFB5E35D-9EB5-47B3-976D-5CE06CD037B5}.Debug|Any CPU.ActiveCfg = Debug|Any CPU
		{FFB5E35D-9EB5-47B3-976D-5CE06CD037B5}.Debug|Any CPU.Build.0 = Debug|Any CPU
		{FFB5E35D-9EB5-47B3-976D-5CE06CD037B5}.Debug|ARM.ActiveCfg = Debug|Any CPU
		{FFB5E35D-9EB5-47B3-976D-5CE06CD037B5}.Debug|x64.ActiveCfg = Debug|Any CPU
		{FFB5E35D-9EB5-47B3-976D-5CE06CD037B5}.Debug|x86.ActiveCfg = Debug|Any CPU
		{FFB5E35D-9EB5-47B3-976D-5CE06CD037B5}.Release|Any CPU.ActiveCfg = Release|Any CPU
		{FFB5E35D-9EB5-47B3-976D-5CE06CD037B5}.Release|Any CPU.Build.0 = Release|Any CPU
		{FFB5E35D-9EB5-47B3-976D-5CE06CD037B5}.Release|ARM.ActiveCfg = Release|Any CPU
		{FFB5E35D-9EB5-47B3-976D-5CE06CD037B5}.Release|x64.ActiveCfg = Release|Any CPU
		{FFB5E35D-9EB5-47B3-976D-5CE06CD037B5}.Release|x86.ActiveCfg = Release|Any CPU
		{7CDAA8FD-4639-433C-B484-75CED7847B4B}.Debug|Any CPU.ActiveCfg = Debug|Any CPU
		{7CDAA8FD-4639-433C-B484-75CED7847B4B}.Debug|Any CPU.Build.0 = Debug|Any CPU
		{7CDAA8FD-4639-433C-B484-75CED7847B4B}.Debug|ARM.ActiveCfg = Debug|Any CPU
		{7CDAA8FD-4639-433C-B484-75CED7847B4B}.Debug|x64.ActiveCfg = Debug|Any CPU
		{7CDAA8FD-4639-433C-B484-75CED7847B4B}.Debug|x86.ActiveCfg = Debug|Any CPU
		{7CDAA8FD-4639-433C-B484-75CED7847B4B}.Release|Any CPU.ActiveCfg = Release|Any CPU
		{7CDAA8FD-4639-433C-B484-75CED7847B4B}.Release|Any CPU.Build.0 = Release|Any CPU
		{7CDAA8FD-4639-433C-B484-75CED7847B4B}.Release|ARM.ActiveCfg = Release|Any CPU
		{7CDAA8FD-4639-433C-B484-75CED7847B4B}.Release|x64.ActiveCfg = Release|Any CPU
		{7CDAA8FD-4639-433C-B484-75CED7847B4B}.Release|x86.ActiveCfg = Release|Any CPU
		{7A77D824-0976-4BC6-89E6-9CDECB89F782}.Debug|Any CPU.ActiveCfg = Debug|Any CPU
		{7A77D824-0976-4BC6-89E6-9CDECB89F782}.Debug|Any CPU.Build.0 = Debug|Any CPU
		{7A77D824-0976-4BC6-89E6-9CDECB89F782}.Debug|ARM.ActiveCfg = Debug|Any CPU
		{7A77D824-0976-4BC6-89E6-9CDECB89F782}.Debug|x64.ActiveCfg = Debug|Any CPU
		{7A77D824-0976-4BC6-89E6-9CDECB89F782}.Debug|x86.ActiveCfg = Debug|Any CPU
		{7A77D824-0976-4BC6-89E6-9CDECB89F782}.Release|Any CPU.ActiveCfg = Release|Any CPU
		{7A77D824-0976-4BC6-89E6-9CDECB89F782}.Release|Any CPU.Build.0 = Release|Any CPU
		{7A77D824-0976-4BC6-89E6-9CDECB89F782}.Release|ARM.ActiveCfg = Release|Any CPU
		{7A77D824-0976-4BC6-89E6-9CDECB89F782}.Release|x64.ActiveCfg = Release|Any CPU
		{7A77D824-0976-4BC6-89E6-9CDECB89F782}.Release|x86.ActiveCfg = Release|Any CPU
	EndGlobalSection
	GlobalSection(SolutionProperties) = preSolution
		HideSolutionNode = FALSE
	EndGlobalSection
	GlobalSection(NestedProjects) = preSolution
		{1FCACD9D-7E0C-4792-B6F3-509838BEA1B3} = {0E506CB8-FEE4-4D10-9A85-D59EA2B9FDB0}
		{08D79A03-8B3D-4906-AB23-6CB840C117C7} = {0E506CB8-FEE4-4D10-9A85-D59EA2B9FDB0}
		{649728C2-2D57-4749-9FB4-1506F1B81C95} = {0E506CB8-FEE4-4D10-9A85-D59EA2B9FDB0}
		{384642A1-8D35-4125-BE85-2A82EC410257} = {0E506CB8-FEE4-4D10-9A85-D59EA2B9FDB0}
		{5052810E-53A6-4275-841A-47C1ABBD8E8D} = {BB741DF4-DE42-4AE3-8798-4EE76DF0C25F}
		{8DE14AD3-CC73-4A20-8F17-0A65CDB4CA05} = {BB741DF4-DE42-4AE3-8798-4EE76DF0C25F}
		{A4AC276F-9C06-45F9-8052-C850BBBC634F} = {BB741DF4-DE42-4AE3-8798-4EE76DF0C25F}
		{427DAACB-0A7A-42DD-922B-3155E39C7292} = {BB741DF4-DE42-4AE3-8798-4EE76DF0C25F}
		{70F8B2E3-6772-4418-AAE4-CA546BAAE3C3} = {BB741DF4-DE42-4AE3-8798-4EE76DF0C25F}
		{FFB5E35D-9EB5-47B3-976D-5CE06CD037B5} = {903E0AE1-2064-4D6D-B589-57B6CEAE3B9D}
		{7CDAA8FD-4639-433C-B484-75CED7847B4B} = {903E0AE1-2064-4D6D-B589-57B6CEAE3B9D}
		{7A77D824-0976-4BC6-89E6-9CDECB89F782} = {903E0AE1-2064-4D6D-B589-57B6CEAE3B9D}
	EndGlobalSection
EndGlobal
